<?xml version="1.0" encoding="utf-8"?>
<Project ToolsVersion="4.0" xmlns="http://schemas.microsoft.com/developer/msbuild/2003">
  <ItemGroup>
    <Filter Include="src">
      <UniqueIdentifier>{4b8ce770-3079-4e39-a939-9c4bd2ebf40c}</UniqueIdentifier>
    </Filter>
    <Filter Include="src\ext">
      <UniqueIdentifier>{8d844722-e4a1-4060-9d3f-f7b799824d29}</UniqueIdentifier>
    </Filter>
    <Filter Include="src\def">
      <UniqueIdentifier>{a4989d51-6975-40da-9631-da54cdb65833}</UniqueIdentifier>
    </Filter>
    <Filter Include="src\res">
      <UniqueIdentifier>{0aef858f-49bd-4fb7-ad44-839d359e15c3}</UniqueIdentifier>
    </Filter>
    <Filter Include="Generated files">
      <UniqueIdentifier>{ac5b18d0-de40-431c-99de-178ab21b4a56}</UniqueIdentifier>
      <SourceControlFiles>False</SourceControlFiles>
    </Filter>
    <Filter Include="src\ext\menu">
      <UniqueIdentifier>{90f4cdbf-26e9-4d8f-a9dc-17ebf5a11eb6}</UniqueIdentifier>
    </Filter>
    <Filter Include="src\util">
      <UniqueIdentifier>{c281e6af-1313-4237-8ee0-304e8ec3e8e6}</UniqueIdentifier>
    </Filter>
  </ItemGroup>
  <ItemGroup>
    <ClCompile Include="OpenWithMenu_i.c">
      <Filter>Generated files</Filter>
    </ClCompile>
    <ClCompile Include="OpenWithMenu.cpp">
      <Filter>src\ext</Filter>
    </ClCompile>
    <ClCompile Include="stdafx.cpp">
      <Filter>src\def</Filter>
    </ClCompile>
    <ClCompile Include="dllmain.cpp">
      <Filter>src</Filter>
    </ClCompile>
    <ClCompile Include="OpenWithMenuImpl.cpp">
      <Filter>src\ext\menu</Filter>
    </ClCompile>
    <ClCompile Include="MenuItemSetting.h">
      <Filter>src\ext\menu</Filter>
    </ClCompile>
  </ItemGroup>
  <ItemGroup>
    <ClInclude Include="OpenWithMenu_i.h">
      <Filter>Generated files</Filter>
    </ClInclude>
    <ClInclude Include="Resource.h">
      <Filter>src\res</Filter>
    </ClInclude>
    <ClInclude Include="targetver.h">
      <Filter>src\def</Filter>
    </ClInclude>
    <ClInclude Include="stdafx.h">
      <Filter>src\def</Filter>
    </ClInclude>
    <ClInclude Include="dllmain.h">
      <Filter>src</Filter>
    </ClInclude>
    <ClInclude Include="OpenWithMenuImpl.h">
      <Filter>src\ext\menu</Filter>
    </ClInclude>
    <ClInclude Include="Util.hpp">
      <Filter>src\util</Filter>
    </ClInclude>
    <ClInclude Include="IconUtil.hpp">
      <Filter>src\util</Filter>
    </ClInclude>
  </ItemGroup>
  <ItemGroup>
    <None Include="README.md" />
    <None Include=".gitignore" />
    <None Include="OpenWithMenu.def">
      <Filter>src\ext</Filter>
    </None>
    <None Include="OpenWithMenu.rgs">
      <Filter>src\res</Filter>
    </None>
    <None Include="OpenWithMenuImpl.rgs">
      <Filter>src\res</Filter>
    </None>
    <None Include="register.bat" />
  </ItemGroup>
  <ItemGroup>
    <Midl Include="OpenWithMenu.idl">
      <Filter>src\ext</Filter>
    </Midl>
  </ItemGroup>
  <ItemGroup>
    <ResourceCompile Include="OpenWithMenu.rc">
      <Filter>src\res</Filter>
    </ResourceCompile>
  </ItemGroup>
</Project>