
Microsoft Visual Studio Solution File, Format Version 12.00
# Visual Studio Version 16
VisualStudioVersion = 16.0.31105.61
MinimumVisualStudioVersion = 10.0.40219.1
Project("{8BC9CEB8-8B4A-11D0-8D11-00A0C91BC942}") = "OpenWithMenu", "OpenWithMenu\OpenWithMenu.vcxproj", "{B32DC01A-0CF7-4165-BA99-F34D8B18203E}"
EndProject
Project("{8BC9CEB8-8B4A-11D0-8D11-00A0C91BC942}") = "OpenWithMenuPS", "OpenWithMenuPS\OpenWithMenuPS.vcxproj", "{1E51816B-6432-4D74-A865-657BA3C62921}"
	ProjectSection(ProjectDependencies) = postProject
		{B32DC01A-0CF7-4165-BA99-F34D8B18203E} = {B32DC01A-0CF7-4165-BA99-F34D8B18203E}
	EndProjectSection
EndProject
Global
	GlobalSection(SolutionConfigurationPlatforms) = preSolution
		Debug|x64 = Debug|x64
		Debug|x86 = Debug|x86
		Release|x64 = Release|x64
		Release|x86 = Release|x86
	EndGlobalSection
	GlobalSection(ProjectConfigurationPlatforms) = postSolution
		{B32DC01A-0CF7-4165-BA99-F34D8B18203E}.Debug|x64.ActiveCfg = Debug|x64
		{B32DC01A-0CF7-4165-BA99-F34D8B18203E}.Debug|x64.Build.0 = Debug|x64
		{B32DC01A-0CF7-4165-BA99-F34D8B18203E}.Debug|x86.ActiveCfg = Debug|Win32
		{B32DC01A-0CF7-4165-BA99-F34D8B18203E}.Debug|x86.Build.0 = Debug|Win32
		{B32DC01A-0CF7-4165-BA99-F34D8B18203E}.Release|x64.ActiveCfg = Release|x64
		{B32DC01A-0CF7-4165-BA99-F34D8B18203E}.Release|x64.Build.0 = Release|x64
		{B32DC01A-0CF7-4165-BA99-F34D8B18203E}.Release|x86.ActiveCfg = Release|Win32
		{B32DC01A-0CF7-4165-BA99-F34D8B18203E}.Release|x86.Build.0 = Release|Win32
		{1E51816B-6432-4D74-A865-657BA3C62921}.Debug|x64.ActiveCfg = Debug|x64
		{1E51816B-6432-4D74-A865-657BA3C62921}.Debug|x86.ActiveCfg = Debug|Win32
		{1E51816B-6432-4D74-A865-657BA3C62921}.Release|x64.ActiveCfg = Release|x64
		{1E51816B-6432-4D74-A865-657BA3C62921}.Release|x86.ActiveCfg = Release|Win32
	EndGlobalSection
	GlobalSection(SolutionProperties) = preSolution
		HideSolutionNode = FALSE
	EndGlobalSection
	GlobalSection(ExtensibilityGlobals) = postSolution
		SolutionGuid = {76EF6D65-6341-41CB-89CE-C7D98D34660D}
	EndGlobalSection
EndGlobal
